
Microsoft Visual Studio Solution File, Format Version 12.00
# Visual Studio Version 16
VisualStudioVersion = 16.0.33214.272
MinimumVisualStudioVersion = 10.0.40219.1
Project("{FAE04EC0-301F-11D3-BF4B-00C04F79EFBC}") = "UC_12_Sabrina_Relac_1000", "UC_12_Sabrina_Relac_1000\UC_12_Sabrina_Relac_1000.csproj", "{D59CFCDE-56C1-41C6-AA43-67CC7FEF3278}"
EndProject
Global
	GlobalSection(SolutionConfigurationPlatforms) = preSolution
		Debug|Any CPU = Debug|Any CPU
		Release|Any CPU = Release|Any CPU
	EndGlobalSection
	GlobalSection(ProjectConfigurationPlatforms) = postSolution
		{D59CFCDE-56C1-41C6-AA43-67CC7FEF3278}.Debug|Any CPU.ActiveCfg = Debug|Any CPU
		{D59CFCDE-56C1-41C6-AA43-67CC7FEF3278}.Debug|Any CPU.Build.0 = Debug|Any CPU
		{D59CFCDE-56C1-41C6-AA43-67CC7FEF3278}.Release|Any CPU.ActiveCfg = Release|Any CPU
		{D59CFCDE-56C1-41C6-AA43-67CC7FEF3278}.Release|Any CPU.Build.0 = Release|Any CPU
	EndGlobalSection
	GlobalSection(SolutionProperties) = preSolution
		HideSolutionNode = FALSE
	EndGlobalSection
	GlobalSection(ExtensibilityGlobals) = postSolution
		SolutionGuid = {D438B86E-91F5-4686-ADB7-160064067216}
	EndGlobalSection
EndGlobal
